
Microsoft Visual Studio Solution File, Format Version 10.00
# Visual C++ Express 2008
Project("{8BC9CEB8-8B4A-11D0-8D11-00A0C91BC942}") = "WinVi32", "WinVi32\WinVi32.vcproj", "{7522E985-AF79-4C58-BD79-48CC40250A00}"
EndProject
Global
	GlobalSection(SolutionConfigurationPlatforms) = preSolution
		Debug|Win32 = Debug|Win32
		Release|Win32 = Release|Win32
	EndGlobalSection
	GlobalSection(ProjectConfigurationPlatforms) = postSolution
		{7522E985-AF79-4C58-BD79-48CC40250A00}.Debug|Win32.ActiveCfg = Debug|Win32
		{7522E985-AF79-4C58-BD79-48CC40250A00}.Debug|Win32.Build.0 = Debug|Win32
		{7522E985-AF79-4C58-BD79-48CC40250A00}.Release|Win32.ActiveCfg = Release|Win32
		{7522E985-AF79-4C58-BD79-48CC40250A00}.Release|Win32.Build.0 = Release|Win32
	EndGlobalSection
	GlobalSection(SolutionProperties) = preSolution
		HideSolutionNode = FALSE
	EndGlobalSection
EndGlobal
