<?xml version="1.0" encoding="utf-8"?>
<Project ToolsVersion="4.0" xmlns="http://schemas.microsoft.com/developer/msbuild/2003">
  <ItemGroup>
    <Filter Include="Source Files">
      <UniqueIdentifier>{4FC737F1-C7A5-4376-A066-2A32D752A2FF}</UniqueIdentifier>
      <Extensions>cpp;c;cc;cxx;def;odl;idl;hpj;bat;asm;asmx</Extensions>
    </Filter>
    <Filter Include="Header Files">
      <UniqueIdentifier>{93995380-89BD-4b04-88EB-625FBE52EBFB}</UniqueIdentifier>
      <Extensions>h;hh;hpp;hxx;hm;inl;inc;xsd</Extensions>
    </Filter>
    <Filter Include="Resource Files">
      <UniqueIdentifier>{67DA6AB6-F800-4c08-8B7A-83BB121AAD01}</UniqueIdentifier>
      <Extensions>rc;ico;cur;bmp;dlg;rc2;rct;bin;rgs;gif;jpg;jpeg;jpe;resx;tiff;tif;png;wav;mfcribbon-ms</Extensions>
    </Filter>
  </ItemGroup>
  <ItemGroup>
    <ClCompile Include="Assert.c">
      <Filter>Source Files</Filter>
    </ClCompile>
    <ClCompile Include="Bmp.c">
      <Filter>Source Files</Filter>
    </ClCompile>
    <ClCompile Include="CharFlags.c">
      <Filter>Source Files</Filter>
    </ClCompile>
    <ClCompile Include="Clipbrd.c">
      <Filter>Source Files</Filter>
    </ClCompile>
    <ClCompile Include="Colors.c">
      <Filter>Source Files</Filter>
    </ClCompile>
    <ClCompile Include="Command.c">
      <Filter>Source Files</Filter>
    </ClCompile>
    <ClCompile Include="Ctl3d.c">
      <Filter>Source Files</Filter>
    </ClCompile>
    <ClCompile Include="Exec.c">
      <Filter>Source Files</Filter>
    </ClCompile>
    <ClCompile Include="Externs.c">
      <Filter>Source Files</Filter>
    </ClCompile>
    <ClCompile Include="File.c">
      <Filter>Source Files</Filter>
    </ClCompile>
    <ClCompile Include="FileList.c">
      <Filter>Source Files</Filter>
    </ClCompile>
    <ClCompile Include="Font.c">
      <Filter>Source Files</Filter>
    </ClCompile>
    <ClCompile Include="Input.c">
      <Filter>Source Files</Filter>
    </ClCompile>
    <ClCompile Include="InsDel.c">
      <Filter>Source Files</Filter>
    </ClCompile>
    <ClCompile Include="InterCom.c">
      <Filter>Source Files</Filter>
    </ClCompile>
    <ClCompile Include="Map.c">
      <Filter>Source Files</Filter>
    </ClCompile>
    <ClCompile Include="Misc.c">
      <Filter>Source Files</Filter>
    </ClCompile>
    <ClCompile Include="Mouse.c">
      <Filter>Source Files</Filter>
    </ClCompile>
    <ClCompile Include="Page.c">
      <Filter>Source Files</Filter>
    </ClCompile>
    <ClCompile Include="Paint.c">
      <Filter>Source Files</Filter>
    </ClCompile>
    <ClCompile Include="PathExp.c">
      <Filter>Source Files</Filter>
    </ClCompile>
    <ClCompile Include="Position.c">
      <Filter>Source Files</Filter>
    </ClCompile>
    <ClCompile Include="Print.c">
      <Filter>Source Files</Filter>
    </ClCompile>
    <ClCompile Include="Profile.c">
      <Filter>Source Files</Filter>
    </ClCompile>
    <ClCompile Include="Search.c">
      <Filter>Source Files</Filter>
    </ClCompile>
    <ClCompile Include="Settings.c">
      <Filter>Source Files</Filter>
    </ClCompile>
    <ClCompile Include="SrchDlg.c">
      <Filter>Source Files</Filter>
    </ClCompile>
    <ClCompile Include="Status.c">
      <Filter>Source Files</Filter>
    </ClCompile>
    <ClCompile Include="TabCtrl.c">
      <Filter>Source Files</Filter>
    </ClCompile>
    <ClCompile Include="Tags.c">
      <Filter>Source Files</Filter>
    </ClCompile>
    <ClCompile Include="ToolBar.c">
      <Filter>Source Files</Filter>
    </ClCompile>
    <ClCompile Include="Undo.c">
      <Filter>Source Files</Filter>
    </ClCompile>
    <ClCompile Include="Version.c">
      <Filter>Source Files</Filter>
    </ClCompile>
    <ClCompile Include="WinVi.c">
      <Filter>Source Files</Filter>
    </ClCompile>
  </ItemGroup>
  <ItemGroup>
    <ClInclude Include="Colors.h">
      <Filter>Header Files</Filter>
    </ClInclude>
    <ClInclude Include="Ctl3d.h">
      <Filter>Header Files</Filter>
    </ClInclude>
    <ClInclude Include="Exec.h">
      <Filter>Header Files</Filter>
    </ClInclude>
    <ClInclude Include="InterCom.h">
      <Filter>Header Files</Filter>
    </ClInclude>
    <ClInclude Include="Map.h">
      <Filter>Header Files</Filter>
    </ClInclude>
    <ClInclude Include="MyAssert.h">
      <Filter>Header Files</Filter>
    </ClInclude>
    <ClInclude Include="Page.h">
      <Filter>Header Files</Filter>
    </ClInclude>
    <ClInclude Include="Paint.h">
      <Filter>Header Files</Filter>
    </ClInclude>
    <ClInclude Include="PathExp.h">
      <Filter>Header Files</Filter>
    </ClInclude>
    <ClInclude Include="PrintH.h">
      <Filter>Header Files</Filter>
    </ClInclude>
    <ClInclude Include="resource.h">
      <Filter>Header Files</Filter>
    </ClInclude>
    <ClInclude Include="Status.h">
      <Filter>Header Files</Filter>
    </ClInclude>
    <ClInclude Include="TabCtrl.h">
      <Filter>Header Files</Filter>
    </ClInclude>
    <ClInclude Include="ToolBar.h">
      <Filter>Header Files</Filter>
    </ClInclude>
    <ClInclude Include="WinVi.h">
      <Filter>Header Files</Filter>
    </ClInclude>
  </ItemGroup>
  <ItemGroup>
    <ResourceCompile Include="WinVi.rc">
      <Filter>Resource Files</Filter>
    </ResourceCompile>
  </ItemGroup>
</Project>